
Microsoft Visual Studio Solution File, Format Version 12.00
# Visual Studio Version 17
VisualStudioVersion = 17.1.32328.378
MinimumVisualStudioVersion = 10.0.40219.1
Project("{9A19103F-16F7-4668-BE54-9A1E7A4F7556}") = "AppChat", "AppChat.csproj", "{36AD3E7B-03E6-4898-AAC8-48AB16D7A50B}"
EndProject
Global
	GlobalSection(SolutionConfigurationPlatforms) = preSolution
		Debug|Any CPU = Debug|Any CPU
		Release|Any CPU = Release|Any CPU
	EndGlobalSection
	GlobalSection(ProjectConfigurationPlatforms) = postSolution
		{36AD3E7B-03E6-4898-AAC8-48AB16D7A50B}.Debug|Any CPU.ActiveCfg = Debug|Any CPU
		{36AD3E7B-03E6-4898-AAC8-48AB16D7A50B}.Debug|Any CPU.Build.0 = Debug|Any CPU
		{36AD3E7B-03E6-4898-AAC8-48AB16D7A50B}.Release|Any CPU.ActiveCfg = Release|Any CPU
		{36AD3E7B-03E6-4898-AAC8-48AB16D7A50B}.Release|Any CPU.Build.0 = Release|Any CPU
	EndGlobalSection
	GlobalSection(SolutionProperties) = preSolution
		HideSolutionNode = FALSE
	EndGlobalSection
	GlobalSection(ExtensibilityGlobals) = postSolution
		SolutionGuid = {477D35AD-4E43-4CBB-81A8-C157F46BBA6B}
	EndGlobalSection
EndGlobal
