
Microsoft Visual Studio Solution File, Format Version 12.00
# Visual Studio Version 17
VisualStudioVersion = 17.2.32516.85
MinimumVisualStudioVersion = 10.0.40219.1
Project("{9A19103F-16F7-4668-BE54-9A1E7A4F7556}") = "Servidor", "Servidor\Servidor.csproj", "{DD88436F-A84F-417E-9A91-C2723A6C0712}"
EndProject
Project("{9A19103F-16F7-4668-BE54-9A1E7A4F7556}") = "AppChat", "AppChat\AppChat.csproj", "{4483D2F8-B35A-41DB-85F2-FFBC216F0964}"
EndProject
Global
	GlobalSection(SolutionConfigurationPlatforms) = preSolution
		Debug|Any CPU = Debug|Any CPU
		Release|Any CPU = Release|Any CPU
	EndGlobalSection
	GlobalSection(ProjectConfigurationPlatforms) = postSolution
		{DD88436F-A84F-417E-9A91-C2723A6C0712}.Debug|Any CPU.ActiveCfg = Debug|Any CPU
		{DD88436F-A84F-417E-9A91-C2723A6C0712}.Debug|Any CPU.Build.0 = Debug|Any CPU
		{DD88436F-A84F-417E-9A91-C2723A6C0712}.Release|Any CPU.ActiveCfg = Release|Any CPU
		{DD88436F-A84F-417E-9A91-C2723A6C0712}.Release|Any CPU.Build.0 = Release|Any CPU
		{4483D2F8-B35A-41DB-85F2-FFBC216F0964}.Debug|Any CPU.ActiveCfg = Debug|Any CPU
		{4483D2F8-B35A-41DB-85F2-FFBC216F0964}.Debug|Any CPU.Build.0 = Debug|Any CPU
		{4483D2F8-B35A-41DB-85F2-FFBC216F0964}.Release|Any CPU.ActiveCfg = Release|Any CPU
		{4483D2F8-B35A-41DB-85F2-FFBC216F0964}.Release|Any CPU.Build.0 = Release|Any CPU
	EndGlobalSection
	GlobalSection(SolutionProperties) = preSolution
		HideSolutionNode = FALSE
	EndGlobalSection
	GlobalSection(ExtensibilityGlobals) = postSolution
		SolutionGuid = {6E454AB0-6444-4DF3-9FF2-68A66C4AA8E0}
	EndGlobalSection
EndGlobal
